github.com/StefMa/hugo-fresh v1.2.0 h1:F7j98xExM7Iu/Mz7uzgNBfPuwB3zufe4cfArSxCxpkM=
github.com/StefMa/hugo-fresh v1.2.0/go.mod h1:yRzHyco0bfnITjvq7rfAiOADfGMrDlM0kXeKBllUJEc=
github.com/StefMa/hugo-fresh v1.2.1-0.20250425073033-66aa58df1749 h1:tnGFU3WNglKlUdBwW2oOGtDt2LQvxe39eriT0uStH48=
github.com/StefMa/hugo-fresh v1.2.1-0.20250425073033-66aa58df1749/go.mod h1:yRzHyco0bfnITjvq7rfAiOADfGMrDlM0kXeKBllUJEc=
github.com/imfing/hextra v0.9.7 h1:Zg5n24us36Bn/S/5mEUPkRW6uwE6vHHEqWSgN0bPXaM=
github.com/imfing/hextra v0.9.7/go.mod h1:cEfel3lU/bSx7lTE/+uuR4GJaphyOyiwNR3PTqFTXpI=
github.com/jgthms/bulma v0.0.0-20220508134905-3e00a8e6d0d0/go.mod h1:89FLBKXYFKfOKAoDeUT26V0pHGwzr205cMXAEqtAVOI=
